// !$*UTF8*$!
{
	archiveVersion = 1;
	classes = {
	};
	objectVersion = 56;
	objects = {

/* Begin PBXBuildFile section */
		A7413F9529CE15780012CBCD /* Teste_PlantasApp.swift in Sources */ = {isa = PBXBuildFile; fileRef = A7413F9429CE15780012CBCD /* Teste_PlantasApp.swift */; };
		A7413F9929CE15790012CBCD /* Assets.xcassets in Resources */ = {isa = PBXBuildFile; fileRef = A7413F9829CE15790012CBCD /* Assets.xcassets */; };
		A7413F9C29CE15790012CBCD /* Preview Assets.xcassets in Resources */ = {isa = PBXBuildFile; fileRef = A7413F9B29CE15790012CBCD /* Preview Assets.xcassets */; };
		A7413FA329CF9E230012CBCD /* SplashScreen.swift in Sources */ = {isa = PBXBuildFile; fileRef = A7413FA229CF9E230012CBCD /* SplashScreen.swift */; };
		A7413FA729D215450012CBCD /* HomeView.swift in Sources */ = {isa = PBXBuildFile; fileRef = A7413FA629D215450012CBCD /* HomeView.swift */; };
		A7413FAB29D2172B0012CBCD /* DiarioView.swift in Sources */ = {isa = PBXBuildFile; fileRef = A7413FAA29D2172B0012CBCD /* DiarioView.swift */; };
		A7413FAD29D217890012CBCD /* AprendaCuidarView.swift in Sources */ = {isa = PBXBuildFile; fileRef = A7413FAC29D217890012CBCD /* AprendaCuidarView.swift */; };
		A7413FAF29D2184D0012CBCD /* ConfigView.swift in Sources */ = {isa = PBXBuildFile; fileRef = A7413FAE29D2184D0012CBCD /* ConfigView.swift */; };
		A772E6CD29D37A31006CC399 /* BotaoConfigAprenda.swift in Sources */ = {isa = PBXBuildFile; fileRef = A772E6CC29D37A31006CC399 /* BotaoConfigAprenda.swift */; };
		A772E6D329D3BF10006CC399 /* DetalheAprendaCuidarView.swift in Sources */ = {isa = PBXBuildFile; fileRef = A772E6D229D3BF10006CC399 /* DetalheAprendaCuidarView.swift */; };
		A772E6D729D3CFC5006CC399 /* CardAnimationView.swift in Sources */ = {isa = PBXBuildFile; fileRef = A772E6D629D3CFC5006CC399 /* CardAnimationView.swift */; };
		DF0E348B29D35F76002E6024 /* DetalheConfigView.swift in Sources */ = {isa = PBXBuildFile; fileRef = DF0E348A29D35F76002E6024 /* DetalheConfigView.swift */; };
		DF38251C29D4C642002F35E8 /* CardInicioCultivoView.swift in Sources */ = {isa = PBXBuildFile; fileRef = DF38251B29D4C642002F35E8 /* CardInicioCultivoView.swift */; };
		DF41F3DD29DF497400FD0FF2 /* GirassolModel.swift in Sources */ = {isa = PBXBuildFile; fileRef = DF41F3DC29DF497400FD0FF2 /* GirassolModel.swift */; };
		DF41F3DF29DF4BA100FD0FF2 /* EscolhaGirassolView.swift in Sources */ = {isa = PBXBuildFile; fileRef = DF41F3DE29DF4BA100FD0FF2 /* EscolhaGirassolView.swift */; };
		DF4E6C2D29DB45B700FB3533 /* VideoRega.mov in Resources */ = {isa = PBXBuildFile; fileRef = DF4E6C2B29DB45B700FB3533 /* VideoRega.mov */; };
		DF4E6C2E29DB45B700FB3533 /* VideoSol.mov in Resources */ = {isa = PBXBuildFile; fileRef = DF4E6C2C29DB45B700FB3533 /* VideoSol.mov */; };
		DF4E6C3029DB45DC00FB3533 /* VideoPragas.mov in Resources */ = {isa = PBXBuildFile; fileRef = DF4E6C2F29DB45DC00FB3533 /* VideoPragas.mov */; };
		DF76230729D21EDD0098A069 /* UserDefaultsModel.swift in Sources */ = {isa = PBXBuildFile; fileRef = DF76230629D21EDD0098A069 /* UserDefaultsModel.swift */; };
		DF76230A29D2219C0098A069 /* ViewModel.swift in Sources */ = {isa = PBXBuildFile; fileRef = DF76230929D2219C0098A069 /* ViewModel.swift */; };
		DF7E515629D3B0F8001553D3 /* DetalheDiaView.swift in Sources */ = {isa = PBXBuildFile; fileRef = DF7E515529D3B0F8001553D3 /* DetalheDiaView.swift */; };
		DF7E515829D3B700001553D3 /* TarefaRowView.swift in Sources */ = {isa = PBXBuildFile; fileRef = DF7E515729D3B700001553D3 /* TarefaRowView.swift */; };
		DF7E515A29D3C34A001553D3 /* TarefaModel.swift in Sources */ = {isa = PBXBuildFile; fileRef = DF7E515929D3C34A001553D3 /* TarefaModel.swift */; };
		DFCACD2A29D30B33007F8838 /* BotaoHome.swift in Sources */ = {isa = PBXBuildFile; fileRef = DFCACD2929D30B33007F8838 /* BotaoHome.swift */; };
		DFE18A6B29D5026A009E4852 /* Purple Smile.ttf in Resources */ = {isa = PBXBuildFile; fileRef = DFE18A6A29D5026A009E4852 /* Purple Smile.ttf */; };
		EBFD5C5E29D22CE10013A8A2 /* GridCellPlantaView.swift in Sources */ = {isa = PBXBuildFile; fileRef = EBFD5C5D29D22CE10013A8A2 /* GridCellPlantaView.swift */; };
		EBFD5C6029D22CF90013A8A2 /* DiaModel.swift in Sources */ = {isa = PBXBuildFile; fileRef = EBFD5C5F29D22CF90013A8A2 /* DiaModel.swift */; };
		EBFD5C6629D318B00013A8A2 /* BotaoPadraoView.swift in Sources */ = {isa = PBXBuildFile; fileRef = EBFD5C6529D318B00013A8A2 /* BotaoPadraoView.swift */; };
		EBFD5C6829D327260013A8A2 /* NavigationLinkPadrao.swift in Sources */ = {isa = PBXBuildFile; fileRef = EBFD5C6729D327260013A8A2 /* NavigationLinkPadrao.swift */; };
/* End PBXBuildFile section */

/* Begin PBXFileReference section */
		A7413F9129CE15780012CBCD /* Teste_Plantas.app */ = {isa = PBXFileReference; explicitFileType = wrapper.application; includeInIndex = 0; path = Teste_Plantas.app; sourceTree = BUILT_PRODUCTS_DIR; };
		A7413F9429CE15780012CBCD /* Teste_PlantasApp.swift */ = {isa = PBXFileReference; lastKnownFileType = sourcecode.swift; path = Teste_PlantasApp.swift; sourceTree = "<group>"; };
		A7413F9829CE15790012CBCD /* Assets.xcassets */ = {isa = PBXFileReference; lastKnownFileType = folder.assetcatalog; path = Assets.xcassets; sourceTree = "<group>"; };
		A7413F9B29CE15790012CBCD /* Preview Assets.xcassets */ = {isa = PBXFileReference; lastKnownFileType = folder.assetcatalog; path = "Preview Assets.xcassets"; sourceTree = "<group>"; };
		A7413FA229CF9E230012CBCD /* SplashScreen.swift */ = {isa = PBXFileReference; lastKnownFileType = sourcecode.swift; path = SplashScreen.swift; sourceTree = "<group>"; };
		A7413FA629D215450012CBCD /* HomeView.swift */ = {isa = PBXFileReference; lastKnownFileType = sourcecode.swift; path = HomeView.swift; sourceTree = "<group>"; };
		A7413FAA29D2172B0012CBCD /* DiarioView.swift */ = {isa = PBXFileReference; lastKnownFileType = sourcecode.swift; path = DiarioView.swift; sourceTree = "<group>"; };
		A7413FAC29D217890012CBCD /* AprendaCuidarView.swift */ = {isa = PBXFileReference; lastKnownFileType = sourcecode.swift; path = AprendaCuidarView.swift; sourceTree = "<group>"; };
		A7413FAE29D2184D0012CBCD /* ConfigView.swift */ = {isa = PBXFileReference; lastKnownFileType = sourcecode.swift; path = ConfigView.swift; sourceTree = "<group>"; };
		A772E6CC29D37A31006CC399 /* BotaoConfigAprenda.swift */ = {isa = PBXFileReference; lastKnownFileType = sourcecode.swift; path = BotaoConfigAprenda.swift; sourceTree = "<group>"; };
		A772E6D229D3BF10006CC399 /* DetalheAprendaCuidarView.swift */ = {isa = PBXFileReference; lastKnownFileType = sourcecode.swift; path = DetalheAprendaCuidarView.swift; sourceTree = "<group>"; };
		A772E6D629D3CFC5006CC399 /* CardAnimationView.swift */ = {isa = PBXFileReference; lastKnownFileType = sourcecode.swift; path = CardAnimationView.swift; sourceTree = "<group>"; };
		DF0E348A29D35F76002E6024 /* DetalheConfigView.swift */ = {isa = PBXFileReference; lastKnownFileType = sourcecode.swift; path = DetalheConfigView.swift; sourceTree = "<group>"; };
		DF38251B29D4C642002F35E8 /* CardInicioCultivoView.swift */ = {isa = PBXFileReference; lastKnownFileType = sourcecode.swift; path = CardInicioCultivoView.swift; sourceTree = "<group>"; };
		DF41F3DC29DF497400FD0FF2 /* GirassolModel.swift */ = {isa = PBXFileReference; lastKnownFileType = sourcecode.swift; path = GirassolModel.swift; sourceTree = "<group>"; };
		DF41F3DE29DF4BA100FD0FF2 /* EscolhaGirassolView.swift */ = {isa = PBXFileReference; lastKnownFileType = sourcecode.swift; path = EscolhaGirassolView.swift; sourceTree = "<group>"; };
		DF4E6C2B29DB45B700FB3533 /* VideoRega.mov */ = {isa = PBXFileReference; lastKnownFileType = video.quicktime; path = VideoRega.mov; sourceTree = "<group>"; };
		DF4E6C2C29DB45B700FB3533 /* VideoSol.mov */ = {isa = PBXFileReference; lastKnownFileType = video.quicktime; path = VideoSol.mov; sourceTree = "<group>"; };
		DF4E6C2F29DB45DC00FB3533 /* VideoPragas.mov */ = {isa = PBXFileReference; lastKnownFileType = video.quicktime; path = VideoPragas.mov; sourceTree = "<group>"; };
		DF76230629D21EDD0098A069 /* UserDefaultsModel.swift */ = {isa = PBXFileReference; lastKnownFileType = sourcecode.swift; path = UserDefaultsModel.swift; sourceTree = "<group>"; };
		DF76230929D2219C0098A069 /* ViewModel.swift */ = {isa = PBXFileReference; lastKnownFileType = sourcecode.swift; path = ViewModel.swift; sourceTree = "<group>"; };
		DF7E515529D3B0F8001553D3 /* DetalheDiaView.swift */ = {isa = PBXFileReference; lastKnownFileType = sourcecode.swift; path = DetalheDiaView.swift; sourceTree = "<group>"; };
		DF7E515729D3B700001553D3 /* TarefaRowView.swift */ = {isa = PBXFileReference; lastKnownFileType = sourcecode.swift; path = TarefaRowView.swift; sourceTree = "<group>"; };
		DF7E515929D3C34A001553D3 /* TarefaModel.swift */ = {isa = PBXFileReference; lastKnownFileType = sourcecode.swift; path = TarefaModel.swift; sourceTree = "<group>"; };
		DFCACD2929D30B33007F8838 /* BotaoHome.swift */ = {isa = PBXFileReference; lastKnownFileType = sourcecode.swift; path = BotaoHome.swift; sourceTree = "<group>"; };
		DFE18A6A29D5026A009E4852 /* Purple Smile.ttf */ = {isa = PBXFileReference; lastKnownFileType = file; path = "Purple Smile.ttf"; sourceTree = "<group>"; };
		DFE18A6C29D5029C009E4852 /* Teste-Plantas-Info.plist */ = {isa = PBXFileReference; lastKnownFileType = text.plist; path = "Teste-Plantas-Info.plist"; sourceTree = SOURCE_ROOT; };
		EBFD5C5D29D22CE10013A8A2 /* GridCellPlantaView.swift */ = {isa = PBXFileReference; lastKnownFileType = sourcecode.swift; path = GridCellPlantaView.swift; sourceTree = "<group>"; };
		EBFD5C5F29D22CF90013A8A2 /* DiaModel.swift */ = {isa = PBXFileReference; lastKnownFileType = sourcecode.swift; path = DiaModel.swift; sourceTree = "<group>"; };
		EBFD5C6529D318B00013A8A2 /* BotaoPadraoView.swift */ = {isa = PBXFileReference; lastKnownFileType = sourcecode.swift; path = BotaoPadraoView.swift; sourceTree = "<group>"; };
		EBFD5C6729D327260013A8A2 /* NavigationLinkPadrao.swift */ = {isa = PBXFileReference; lastKnownFileType = sourcecode.swift; path = NavigationLinkPadrao.swift; sourceTree = "<group>"; };
/* End PBXFileReference section */

/* Begin PBXFrameworksBuildPhase section */
		A7413F8E29CE15780012CBCD /* Frameworks */ = {
			isa = PBXFrameworksBuildPhase;
			buildActionMask = 2147483647;
			files = (
			);
			runOnlyForDeploymentPostprocessing = 0;
		};
/* End PBXFrameworksBuildPhase section */

/* Begin PBXGroup section */
		A7413F8829CE15780012CBCD = {
			isa = PBXGroup;
			children = (
				A7413F9329CE15780012CBCD /* Teste_Plantas */,
				A7413F9229CE15780012CBCD /* Products */,
			);
			sourceTree = "<group>";
		};
		A7413F9229CE15780012CBCD /* Products */ = {
			isa = PBXGroup;
			children = (
				A7413F9129CE15780012CBCD /* Teste_Plantas.app */,
			);
			name = Products;
			sourceTree = "<group>";
		};
		A7413F9329CE15780012CBCD /* Teste_Plantas */ = {
			isa = PBXGroup;
			children = (
				DF2A1C7D29D601AD007963AD /* Videos */,
				DFE18A6C29D5029C009E4852 /* Teste-Plantas-Info.plist */,
				DFE18A6A29D5026A009E4852 /* Purple Smile.ttf */,
				A7413F9429CE15780012CBCD /* Teste_PlantasApp.swift */,
				DF76230329D217010098A069 /* Model */,
				DF76230829D221810098A069 /* ViewModel */,
				DF76230B29D221B60098A069 /* Views */,
				A7413F9829CE15790012CBCD /* Assets.xcassets */,
				A7413F9A29CE15790012CBCD /* Preview Content */,
			);
			path = Teste_Plantas;
			sourceTree = "<group>";
		};
		A7413F9A29CE15790012CBCD /* Preview Content */ = {
			isa = PBXGroup;
			children = (
				A7413F9B29CE15790012CBCD /* Preview Assets.xcassets */,
			);
			path = "Preview Content";
			sourceTree = "<group>";
		};
		DF2A1C7D29D601AD007963AD /* Videos */ = {
			isa = PBXGroup;
			children = (
				DF4E6C2F29DB45DC00FB3533 /* VideoPragas.mov */,
				DF4E6C2B29DB45B700FB3533 /* VideoRega.mov */,
				DF4E6C2C29DB45B700FB3533 /* VideoSol.mov */,
			);
			path = Videos;
			sourceTree = "<group>";
		};
		DF76230329D217010098A069 /* Model */ = {
			isa = PBXGroup;
			children = (
				DF76230629D21EDD0098A069 /* UserDefaultsModel.swift */,
				DF41F3DC29DF497400FD0FF2 /* GirassolModel.swift */,
				EBFD5C5F29D22CF90013A8A2 /* DiaModel.swift */,
				DF7E515929D3C34A001553D3 /* TarefaModel.swift */,
			);
			path = Model;
			sourceTree = "<group>";
		};
		DF76230829D221810098A069 /* ViewModel */ = {
			isa = PBXGroup;
			children = (
				DF76230929D2219C0098A069 /* ViewModel.swift */,
			);
			path = ViewModel;
			sourceTree = "<group>";
		};
		DF76230B29D221B60098A069 /* Views */ = {
			isa = PBXGroup;
			children = (
				A7413FA229CF9E230012CBCD /* SplashScreen.swift */,
				A7413FA629D215450012CBCD /* HomeView.swift */,
				DF41F3DE29DF4BA100FD0FF2 /* EscolhaGirassolView.swift */,
				A7413FAA29D2172B0012CBCD /* DiarioView.swift */,
				DF7E515529D3B0F8001553D3 /* DetalheDiaView.swift */,
				A7413FAC29D217890012CBCD /* AprendaCuidarView.swift */,
				A772E6D229D3BF10006CC399 /* DetalheAprendaCuidarView.swift */,
				A7413FAE29D2184D0012CBCD /* ConfigView.swift */,
				DF0E348A29D35F76002E6024 /* DetalheConfigView.swift */,
				EBFD5C5C29D22CBF0013A8A2 /* ComponentesView */,
			);
			path = Views;
			sourceTree = "<group>";
		};
		EBFD5C5C29D22CBF0013A8A2 /* ComponentesView */ = {
			isa = PBXGroup;
			children = (
				DFCACD2929D30B33007F8838 /* BotaoHome.swift */,
				A772E6CC29D37A31006CC399 /* BotaoConfigAprenda.swift */,
				DF7E515729D3B700001553D3 /* TarefaRowView.swift */,
				EBFD5C6529D318B00013A8A2 /* BotaoPadraoView.swift */,
				EBFD5C5D29D22CE10013A8A2 /* GridCellPlantaView.swift */,
				EBFD5C6729D327260013A8A2 /* NavigationLinkPadrao.swift */,
				A772E6D629D3CFC5006CC399 /* CardAnimationView.swift */,
				DF38251B29D4C642002F35E8 /* CardInicioCultivoView.swift */,
			);
			path = ComponentesView;
			sourceTree = "<group>";
		};
/* End PBXGroup section */

/* Begin PBXNativeTarget section */
		A7413F9029CE15780012CBCD /* Teste_Plantas */ = {
			isa = PBXNativeTarget;
			buildConfigurationList = A7413F9F29CE15790012CBCD /* Build configuration list for PBXNativeTarget "Teste_Plantas" */;
			buildPhases = (
				A7413F8D29CE15780012CBCD /* Sources */,
				A7413F8E29CE15780012CBCD /* Frameworks */,
				A7413F8F29CE15780012CBCD /* Resources */,
			);
			buildRules = (
			);
			dependencies = (
			);
			name = Teste_Plantas;
			productName = Teste_Plantas;
			productReference = A7413F9129CE15780012CBCD /* Teste_Plantas.app */;
			productType = "com.apple.product-type.application";
		};
/* End PBXNativeTarget section */

/* Begin PBXProject section */
		A7413F8929CE15780012CBCD /* Project object */ = {
			isa = PBXProject;
			attributes = {
				BuildIndependentTargetsInParallel = 1;
				LastSwiftUpdateCheck = 1420;
				LastUpgradeCheck = 1420;
				TargetAttributes = {
					A7413F9029CE15780012CBCD = {
						CreatedOnToolsVersion = 14.2;
					};
				};
			};
			buildConfigurationList = A7413F8C29CE15780012CBCD /* Build configuration list for PBXProject "Teste_Plantas" */;
			compatibilityVersion = "Xcode 14.0";
			developmentRegion = en;
			hasScannedForEncodings = 0;
			knownRegions = (
				en,
				Base,
			);
			mainGroup = A7413F8829CE15780012CBCD;
			productRefGroup = A7413F9229CE15780012CBCD /* Products */;
			projectDirPath = "";
			projectRoot = "";
			targets = (
				A7413F9029CE15780012CBCD /* Teste_Plantas */,
			);
		};
/* End PBXProject section */

/* Begin PBXResourcesBuildPhase section */
		A7413F8F29CE15780012CBCD /* Resources */ = {
			isa = PBXResourcesBuildPhase;
			buildActionMask = 2147483647;
			files = (
				DF4E6C3029DB45DC00FB3533 /* VideoPragas.mov in Resources */,
				A7413F9C29CE15790012CBCD /* Preview Assets.xcassets in Resources */,
				DFE18A6B29D5026A009E4852 /* Purple Smile.ttf in Resources */,
				DF4E6C2D29DB45B700FB3533 /* VideoRega.mov in Resources */,
				A7413F9929CE15790012CBCD /* Assets.xcassets in Resources */,
				DF4E6C2E29DB45B700FB3533 /* VideoSol.mov in Resources */,
			);
			runOnlyForDeploymentPostprocessing = 0;
		};
/* End PBXResourcesBuildPhase section */

/* Begin PBXSourcesBuildPhase section */
		A7413F8D29CE15780012CBCD /* Sources */ = {
			isa = PBXSourcesBuildPhase;
			buildActionMask = 2147483647;
			files = (
				DF0E348B29D35F76002E6024 /* DetalheConfigView.swift in Sources */,
				EBFD5C5E29D22CE10013A8A2 /* GridCellPlantaView.swift in Sources */,
				A7413FAB29D2172B0012CBCD /* DiarioView.swift in Sources */,
				A772E6D729D3CFC5006CC399 /* CardAnimationView.swift in Sources */,
				DF76230A29D2219C0098A069 /* ViewModel.swift in Sources */,
				DF7E515829D3B700001553D3 /* TarefaRowView.swift in Sources */,
				DFCACD2A29D30B33007F8838 /* BotaoHome.swift in Sources */,
				DF38251C29D4C642002F35E8 /* CardInicioCultivoView.swift in Sources */,
				A7413FAD29D217890012CBCD /* AprendaCuidarView.swift in Sources */,
				DF76230729D21EDD0098A069 /* UserDefaultsModel.swift in Sources */,
				DF41F3DF29DF4BA100FD0FF2 /* EscolhaGirassolView.swift in Sources */,
				DF41F3DD29DF497400FD0FF2 /* GirassolModel.swift in Sources */,
				A7413FA329CF9E230012CBCD /* SplashScreen.swift in Sources */,
				A772E6CD29D37A31006CC399 /* BotaoConfigAprenda.swift in Sources */,
				A7413FAF29D2184D0012CBCD /* ConfigView.swift in Sources */,
				A7413FA729D215450012CBCD /* HomeView.swift in Sources */,
				EBFD5C6829D327260013A8A2 /* NavigationLinkPadrao.swift in Sources */,
				EBFD5C6629D318B00013A8A2 /* BotaoPadraoView.swift in Sources */,
				DF7E515A29D3C34A001553D3 /* TarefaModel.swift in Sources */,
				A7413F9529CE15780012CBCD /* Teste_PlantasApp.swift in Sources */,
				A772E6D329D3BF10006CC399 /* DetalheAprendaCuidarView.swift in Sources */,
				EBFD5C6029D22CF90013A8A2 /* DiaModel.swift in Sources */,
				EBFD5C6029D22CF90013A8A2 /* DiaModel.swift in Sources */,
				DF7E515629D3B0F8001553D3 /* DetalheDiaView.swift in Sources */,
			);
			runOnlyForDeploymentPostprocessing = 0;
		};
/* End PBXSourcesBuildPhase section */

/* Begin XCBuildConfiguration section */
		A7413F9D29CE15790012CBCD /* Debug */ = {
			isa = XCBuildConfiguration;
			buildSettings = {
				ALWAYS_SEARCH_USER_PATHS = NO;
				CLANG_ANALYZER_NONNULL = YES;
				CLANG_ANALYZER_NUMBER_OBJECT_CONVERSION = YES_AGGRESSIVE;
				CLANG_CXX_LANGUAGE_STANDARD = "gnu++20";
				CLANG_ENABLE_MODULES = YES;
				CLANG_ENABLE_OBJC_ARC = YES;
				CLANG_ENABLE_OBJC_WEAK = YES;
				CLANG_WARN_BLOCK_CAPTURE_AUTORELEASING = YES;
				CLANG_WARN_BOOL_CONVERSION = YES;
				CLANG_WARN_COMMA = YES;
				CLANG_WARN_CONSTANT_CONVERSION = YES;
				CLANG_WARN_DEPRECATED_OBJC_IMPLEMENTATIONS = YES;
				CLANG_WARN_DIRECT_OBJC_ISA_USAGE = YES_ERROR;
				CLANG_WARN_DOCUMENTATION_COMMENTS = YES;
				CLANG_WARN_EMPTY_BODY = YES;
				CLANG_WARN_ENUM_CONVERSION = YES;
				CLANG_WARN_INFINITE_RECURSION = YES;
				CLANG_WARN_INT_CONVERSION = YES;
				CLANG_WARN_NON_LITERAL_NULL_CONVERSION = YES;
				CLANG_WARN_OBJC_IMPLICIT_RETAIN_SELF = YES;
				CLANG_WARN_OBJC_LITERAL_CONVERSION = YES;
				CLANG_WARN_OBJC_ROOT_CLASS = YES_ERROR;
				CLANG_WARN_QUOTED_INCLUDE_IN_FRAMEWORK_HEADER = YES;
				CLANG_WARN_RANGE_LOOP_ANALYSIS = YES;
				CLANG_WARN_STRICT_PROTOTYPES = YES;
				CLANG_WARN_SUSPICIOUS_MOVE = YES;
				CLANG_WARN_UNGUARDED_AVAILABILITY = YES_AGGRESSIVE;
				CLANG_WARN_UNREACHABLE_CODE = YES;
				CLANG_WARN__DUPLICATE_METHOD_MATCH = YES;
				COPY_PHASE_STRIP = NO;
				DEBUG_INFORMATION_FORMAT = dwarf;
				ENABLE_STRICT_OBJC_MSGSEND = YES;
				ENABLE_TESTABILITY = YES;
				GCC_C_LANGUAGE_STANDARD = gnu11;
				GCC_DYNAMIC_NO_PIC = NO;
				GCC_NO_COMMON_BLOCKS = YES;
				GCC_OPTIMIZATION_LEVEL = 0;
				GCC_PREPROCESSOR_DEFINITIONS = (
					"DEBUG=1",
					"$(inherited)",
				);
				GCC_WARN_64_TO_32_BIT_CONVERSION = YES;
				GCC_WARN_ABOUT_RETURN_TYPE = YES_ERROR;
				GCC_WARN_UNDECLARED_SELECTOR = YES;
				GCC_WARN_UNINITIALIZED_AUTOS = YES_AGGRESSIVE;
				GCC_WARN_UNUSED_FUNCTION = YES;
				GCC_WARN_UNUSED_VARIABLE = YES;
				IPHONEOS_DEPLOYMENT_TARGET = 16.2;
				MTL_ENABLE_DEBUG_INFO = INCLUDE_SOURCE;
				MTL_FAST_MATH = YES;
				ONLY_ACTIVE_ARCH = YES;
				SDKROOT = iphoneos;
				SWIFT_ACTIVE_COMPILATION_CONDITIONS = DEBUG;
				SWIFT_OPTIMIZATION_LEVEL = "-Onone";
			};
			name = Debug;
		};
		A7413F9E29CE15790012CBCD /* Release */ = {
			isa = XCBuildConfiguration;
			buildSettings = {
				ALWAYS_SEARCH_USER_PATHS = NO;
				CLANG_ANALYZER_NONNULL = YES;
				CLANG_ANALYZER_NUMBER_OBJECT_CONVERSION = YES_AGGRESSIVE;
				CLANG_CXX_LANGUAGE_STANDARD = "gnu++20";
				CLANG_ENABLE_MODULES = YES;
				CLANG_ENABLE_OBJC_ARC = YES;
				CLANG_ENABLE_OBJC_WEAK = YES;
				CLANG_WARN_BLOCK_CAPTURE_AUTORELEASING = YES;
				CLANG_WARN_BOOL_CONVERSION = YES;
				CLANG_WARN_COMMA = YES;
				CLANG_WARN_CONSTANT_CONVERSION = YES;
				CLANG_WARN_DEPRECATED_OBJC_IMPLEMENTATIONS = YES;
				CLANG_WARN_DIRECT_OBJC_ISA_USAGE = YES_ERROR;
				CLANG_WARN_DOCUMENTATION_COMMENTS = YES;
				CLANG_WARN_EMPTY_BODY = YES;
				CLANG_WARN_ENUM_CONVERSION = YES;
				CLANG_WARN_INFINITE_RECURSION = YES;
				CLANG_WARN_INT_CONVERSION = YES;
				CLANG_WARN_NON_LITERAL_NULL_CONVERSION = YES;
				CLANG_WARN_OBJC_IMPLICIT_RETAIN_SELF = YES;
				CLANG_WARN_OBJC_LITERAL_CONVERSION = YES;
				CLANG_WARN_OBJC_ROOT_CLASS = YES_ERROR;
				CLANG_WARN_QUOTED_INCLUDE_IN_FRAMEWORK_HEADER = YES;
				CLANG_WARN_RANGE_LOOP_ANALYSIS = YES;
				CLANG_WARN_STRICT_PROTOTYPES = YES;
				CLANG_WARN_SUSPICIOUS_MOVE = YES;
				CLANG_WARN_UNGUARDED_AVAILABILITY = YES_AGGRESSIVE;
				CLANG_WARN_UNREACHABLE_CODE = YES;
				CLANG_WARN__DUPLICATE_METHOD_MATCH = YES;
				COPY_PHASE_STRIP = NO;
				DEBUG_INFORMATION_FORMAT = "dwarf-with-dsym";
				ENABLE_NS_ASSERTIONS = NO;
				ENABLE_STRICT_OBJC_MSGSEND = YES;
				GCC_C_LANGUAGE_STANDARD = gnu11;
				GCC_NO_COMMON_BLOCKS = YES;
				GCC_WARN_64_TO_32_BIT_CONVERSION = YES;
				GCC_WARN_ABOUT_RETURN_TYPE = YES_ERROR;
				GCC_WARN_UNDECLARED_SELECTOR = YES;
				GCC_WARN_UNINITIALIZED_AUTOS = YES_AGGRESSIVE;
				GCC_WARN_UNUSED_FUNCTION = YES;
				GCC_WARN_UNUSED_VARIABLE = YES;
				IPHONEOS_DEPLOYMENT_TARGET = 16.2;
				MTL_ENABLE_DEBUG_INFO = NO;
				MTL_FAST_MATH = YES;
				SDKROOT = iphoneos;
				SWIFT_COMPILATION_MODE = wholemodule;
				SWIFT_OPTIMIZATION_LEVEL = "-O";
				VALIDATE_PRODUCT = YES;
			};
			name = Release;
		};
		A7413FA029CE15790012CBCD /* Debug */ = {
			isa = XCBuildConfiguration;
			buildSettings = {
				ASSETCATALOG_COMPILER_APPICON_NAME = AppIcon;
				ASSETCATALOG_COMPILER_GLOBAL_ACCENT_COLOR_NAME = AccentColor;
				CODE_SIGN_STYLE = Automatic;
				CURRENT_PROJECT_VERSION = 1;
				DEVELOPMENT_ASSET_PATHS = "\"Teste_Plantas/Preview Content\"";
				DEVELOPMENT_TEAM = RRUDNBUBWM;
				ENABLE_PREVIEWS = YES;
				GENERATE_INFOPLIST_FILE = YES;
				INFOPLIST_FILE = "Teste-Plantas-Info.plist";
				INFOPLIST_KEY_CFBundleDisplayName = Gira;
				INFOPLIST_KEY_UIApplicationSceneManifest_Generation = YES;
				INFOPLIST_KEY_UIApplicationSupportsIndirectInputEvents = YES;
				INFOPLIST_KEY_UILaunchScreen_Generation = YES;
				INFOPLIST_KEY_UISupportedInterfaceOrientations_iPad = "UIInterfaceOrientationPortrait UIInterfaceOrientationPortraitUpsideDown UIInterfaceOrientationLandscapeLeft UIInterfaceOrientationLandscapeRight";
				INFOPLIST_KEY_UISupportedInterfaceOrientations_iPhone = "UIInterfaceOrientationPortrait UIInterfaceOrientationLandscapeLeft UIInterfaceOrientationLandscapeRight";
				IPHONEOS_DEPLOYMENT_TARGET = 15.0;
				LD_RUNPATH_SEARCH_PATHS = (
					"$(inherited)",
					"@executable_path/Frameworks",
				);
				MARKETING_VERSION = 1.0;
				PRODUCT_BUNDLE_IDENTIFIER = "SwiftBootcamp2.Teste-Plantas";
				PRODUCT_NAME = "$(TARGET_NAME)";
				SUPPORTED_PLATFORMS = "iphoneos iphonesimulator";
				SUPPORTS_MACCATALYST = NO;
				SUPPORTS_MAC_DESIGNED_FOR_IPHONE_IPAD = NO;
				SWIFT_EMIT_LOC_STRINGS = YES;
				SWIFT_VERSION = 5.0;
				TARGETED_DEVICE_FAMILY = "1,2";
			};
			name = Debug;
		};
		A7413FA129CE15790012CBCD /* Release */ = {
			isa = XCBuildConfiguration;
			buildSettings = {
				ASSETCATALOG_COMPILER_APPICON_NAME = AppIcon;
				ASSETCATALOG_COMPILER_GLOBAL_ACCENT_COLOR_NAME = AccentColor;
				CODE_SIGN_STYLE = Automatic;
				CURRENT_PROJECT_VERSION = 1;
				DEVELOPMENT_ASSET_PATHS = "\"Teste_Plantas/Preview Content\"";
				DEVELOPMENT_TEAM = RRUDNBUBWM;
				ENABLE_PREVIEWS = YES;
				GENERATE_INFOPLIST_FILE = YES;
				INFOPLIST_FILE = "Teste-Plantas-Info.plist";
				INFOPLIST_KEY_CFBundleDisplayName = Gira;
				INFOPLIST_KEY_UIApplicationSceneManifest_Generation = YES;
				INFOPLIST_KEY_UIApplicationSupportsIndirectInputEvents = YES;
				INFOPLIST_KEY_UILaunchScreen_Generation = YES;
				INFOPLIST_KEY_UISupportedInterfaceOrientations_iPad = "UIInterfaceOrientationPortrait UIInterfaceOrientationPortraitUpsideDown UIInterfaceOrientationLandscapeLeft UIInterfaceOrientationLandscapeRight";
				INFOPLIST_KEY_UISupportedInterfaceOrientations_iPhone = "UIInterfaceOrientationPortrait UIInterfaceOrientationLandscapeLeft UIInterfaceOrientationLandscapeRight";
				IPHONEOS_DEPLOYMENT_TARGET = 15.0;
				LD_RUNPATH_SEARCH_PATHS = (
					"$(inherited)",
					"@executable_path/Frameworks",
				);
				MARKETING_VERSION = 1.0;
				PRODUCT_BUNDLE_IDENTIFIER = "SwiftBootcamp2.Teste-Plantas";
				PRODUCT_NAME = "$(TARGET_NAME)";
				SUPPORTED_PLATFORMS = "iphoneos iphonesimulator";
				SUPPORTS_MACCATALYST = NO;
				SUPPORTS_MAC_DESIGNED_FOR_IPHONE_IPAD = NO;
				SWIFT_EMIT_LOC_STRINGS = YES;
				SWIFT_VERSION = 5.0;
				TARGETED_DEVICE_FAMILY = "1,2";
			};
			name = Release;
		};
/* End XCBuildConfiguration section */

/* Begin XCConfigurationList section */
		A7413F8C29CE15780012CBCD /* Build configuration list for PBXProject "Teste_Plantas" */ = {
			isa = XCConfigurationList;
			buildConfigurations = (
				A7413F9D29CE15790012CBCD /* Debug */,
				A7413F9E29CE15790012CBCD /* Release */,
			);
			defaultConfigurationIsVisible = 0;
			defaultConfigurationName = Release;
		};
		A7413F9F29CE15790012CBCD /* Build configuration list for PBXNativeTarget "Teste_Plantas" */ = {
			isa = XCConfigurationList;
			buildConfigurations = (
				A7413FA029CE15790012CBCD /* Debug */,
				A7413FA129CE15790012CBCD /* Release */,
			);
			defaultConfigurationIsVisible = 0;
			defaultConfigurationName = Release;
		};
/* End XCConfigurationList section */
	};
	rootObject = A7413F8929CE15780012CBCD /* Project object */;
}
